
Microsoft Visual Studio Solution File, Format Version 12.00
# Visual Studio Version 17
VisualStudioVersion = 17.2.32630.192
MinimumVisualStudioVersion = 10.0.40219.1
Project("{2150E333-8FDC-42A3-9474-1A3956D46DE8}") = "FuneralWatcher", "FuneralWatcher", "{3F361A5D-2581-435F-868A-1C6215F38F6F}"
EndProject
Project("{FAE04EC0-301F-11D3-BF4B-00C04F79EFBC}") = "FuneralWatcher.Logic.FileResultProcessor", "FuneralWatcher.Logic.FileResultProcessor\FuneralWatcher.Logic.FileResultProcessor.csproj", "{7CD40DDE-4DD7-4850-969C-1BB35866065D}"
EndProject
Project("{FAE04EC0-301F-11D3-BF4B-00C04F79EFBC}") = "FuneralWatcher.Workflows", "FuneralWatcher.Workflows\FuneralWatcher.Workflows.csproj", "{32E75AD7-F506-4575-9A7D-42254AC0590A}"
EndProject
Project("{FAE04EC0-301F-11D3-BF4B-00C04F79EFBC}") = "FuneralWatcher.CrossCutting", "FuneralWatcher.CrossCutting\FuneralWatcher.CrossCutting.csproj", "{1445CEA7-E32F-40F9-812E-FD42D09563B9}"
EndProject
Project("{FAE04EC0-301F-11D3-BF4B-00C04F79EFBC}") = "FuneralWatcher.Logic.Contracts", "FuneralWatcher.Logic.Contracts\FuneralWatcher.Logic.Contracts.csproj", "{071B735E-03A6-4DED-A5F9-5C30DFEF4361}"
EndProject
Project("{FAE04EC0-301F-11D3-BF4B-00C04F79EFBC}") = "FuneralWatcher.ConsoleClient", "FuneralWatcher.ConsoleClient\FuneralWatcher.ConsoleClient.csproj", "{81207BE1-8C14-4CC4-8311-7B49268E9B33}"
EndProject
Project("{FAE04EC0-301F-11D3-BF4B-00C04F79EFBC}") = "FuneralWatcher.Configuration", "FuneralWatcher.Configuration\FuneralWatcher.Configuration.csproj", "{BFBDF88E-929D-4ADB-AAE8-F9220AAA29E9}"
EndProject
Project("{2150E333-8FDC-42A3-9474-1A3956D46DE8}") = "FuneralWatcher.Logic", "FuneralWatcher.Logic", "{A15CAD58-0929-422D-82CE-9EBA3FBDD236}"
EndProject
Project("{FAE04EC0-301F-11D3-BF4B-00C04F79EFBC}") = "FuneralWatcher.Logic.BasicImageRecognizer", "FuneralWatcher.Logic.BasicImageRecognizer\FuneralWatcher.Logic.BasicImageRecognizer.csproj", "{388B84B7-1179-4D73-A603-E884E30346CF}"
EndProject
Project("{FAE04EC0-301F-11D3-BF4B-00C04F79EFBC}") = "FuneralWatcher.Logic.TessImageInterpreter", "FuneralWatcher.Logic.TessImageInterpreter\FuneralWatcher.Logic.TessImageInterpreter.csproj", "{C6A9DA93-FCB2-4B2C-817A-AA0BA98D5EBD}"
EndProject
Project("{FAE04EC0-301F-11D3-BF4B-00C04F79EFBC}") = "FuneralWatcher.Logging.ConsoleLogger", "FuneralWatcher.Logging.ConsoleLogger\FuneralWatcher.Logging.ConsoleLogger.csproj", "{F957CB05-D4E1-4315-92CF-2CF82A69ACFC}"
EndProject
Project("{FAE04EC0-301F-11D3-BF4B-00C04F79EFBC}") = "FuneralWatcher.Logging.Contract", "FuneralWatcher.Logging.Contract\FuneralWatcher.Logging.Contract.csproj", "{FCB5E91C-4554-469A-8E8C-3FCEC5A9E44E}"
EndProject
Project("{FAE04EC0-301F-11D3-BF4B-00C04F79EFBC}") = "FuneralWatcher.Logic.WindowsScreenCastImageProvider", "FuneralWatcher.Logic.WindowsScreenCastImageProvider\FuneralWatcher.Logic.WindowsScreenCastImageProvider.csproj", "{EB86DBC7-773E-45D4-8A6A-20351B314682}"
EndProject
Project("{FAE04EC0-301F-11D3-BF4B-00C04F79EFBC}") = "FuneralWatcher.Logic.EmguImageInterpreter", "FuneralWatcher.Logic.EmguImageInterpreter\FuneralWatcher.Logic.EmguImageInterpreter.csproj", "{C75E2CC8-26EB-42FF-A411-D31BEF868DDE}"
EndProject
Project("{2150E333-8FDC-42A3-9474-1A3956D46DE8}") = "Clients", "Clients", "{6DBE177F-9A0D-4B1A-86FA-C99D1C3218F3}"
EndProject
Project("{FAE04EC0-301F-11D3-BF4B-00C04F79EFBC}") = "FuneralWatcher.Logic.BasicImageEditor", "FuneralWatcher.Logic.BasicImageEditor\FuneralWatcher.Logic.BasicImageEditor.csproj", "{B4C0B53F-1DA9-482D-8AD2-5E4DAED96732}"
EndProject
Global
	GlobalSection(SolutionConfigurationPlatforms) = preSolution
		Debug|Any CPU = Debug|Any CPU
		Release|Any CPU = Release|Any CPU
	EndGlobalSection
	GlobalSection(ProjectConfigurationPlatforms) = postSolution
		{7CD40DDE-4DD7-4850-969C-1BB35866065D}.Debug|Any CPU.ActiveCfg = Debug|Any CPU
		{7CD40DDE-4DD7-4850-969C-1BB35866065D}.Debug|Any CPU.Build.0 = Debug|Any CPU
		{7CD40DDE-4DD7-4850-969C-1BB35866065D}.Release|Any CPU.ActiveCfg = Release|Any CPU
		{7CD40DDE-4DD7-4850-969C-1BB35866065D}.Release|Any CPU.Build.0 = Release|Any CPU
		{32E75AD7-F506-4575-9A7D-42254AC0590A}.Debug|Any CPU.ActiveCfg = Debug|Any CPU
		{32E75AD7-F506-4575-9A7D-42254AC0590A}.Debug|Any CPU.Build.0 = Debug|Any CPU
		{32E75AD7-F506-4575-9A7D-42254AC0590A}.Release|Any CPU.ActiveCfg = Release|Any CPU
		{32E75AD7-F506-4575-9A7D-42254AC0590A}.Release|Any CPU.Build.0 = Release|Any CPU
		{1445CEA7-E32F-40F9-812E-FD42D09563B9}.Debug|Any CPU.ActiveCfg = Debug|Any CPU
		{1445CEA7-E32F-40F9-812E-FD42D09563B9}.Debug|Any CPU.Build.0 = Debug|Any CPU
		{1445CEA7-E32F-40F9-812E-FD42D09563B9}.Release|Any CPU.ActiveCfg = Release|Any CPU
		{1445CEA7-E32F-40F9-812E-FD42D09563B9}.Release|Any CPU.Build.0 = Release|Any CPU
		{071B735E-03A6-4DED-A5F9-5C30DFEF4361}.Debug|Any CPU.ActiveCfg = Debug|Any CPU
		{071B735E-03A6-4DED-A5F9-5C30DFEF4361}.Debug|Any CPU.Build.0 = Debug|Any CPU
		{071B735E-03A6-4DED-A5F9-5C30DFEF4361}.Release|Any CPU.ActiveCfg = Release|Any CPU
		{071B735E-03A6-4DED-A5F9-5C30DFEF4361}.Release|Any CPU.Build.0 = Release|Any CPU
		{81207BE1-8C14-4CC4-8311-7B49268E9B33}.Debug|Any CPU.ActiveCfg = Debug|Any CPU
		{81207BE1-8C14-4CC4-8311-7B49268E9B33}.Debug|Any CPU.Build.0 = Debug|Any CPU
		{81207BE1-8C14-4CC4-8311-7B49268E9B33}.Release|Any CPU.ActiveCfg = Release|Any CPU
		{81207BE1-8C14-4CC4-8311-7B49268E9B33}.Release|Any CPU.Build.0 = Release|Any CPU
		{BFBDF88E-929D-4ADB-AAE8-F9220AAA29E9}.Debug|Any CPU.ActiveCfg = Debug|Any CPU
		{BFBDF88E-929D-4ADB-AAE8-F9220AAA29E9}.Debug|Any CPU.Build.0 = Debug|Any CPU
		{BFBDF88E-929D-4ADB-AAE8-F9220AAA29E9}.Release|Any CPU.ActiveCfg = Release|Any CPU
		{BFBDF88E-929D-4ADB-AAE8-F9220AAA29E9}.Release|Any CPU.Build.0 = Release|Any CPU
		{388B84B7-1179-4D73-A603-E884E30346CF}.Debug|Any CPU.ActiveCfg = Debug|Any CPU
		{388B84B7-1179-4D73-A603-E884E30346CF}.Debug|Any CPU.Build.0 = Debug|Any CPU
		{388B84B7-1179-4D73-A603-E884E30346CF}.Release|Any CPU.ActiveCfg = Release|Any CPU
		{388B84B7-1179-4D73-A603-E884E30346CF}.Release|Any CPU.Build.0 = Release|Any CPU
		{C6A9DA93-FCB2-4B2C-817A-AA0BA98D5EBD}.Debug|Any CPU.ActiveCfg = Debug|Any CPU
		{C6A9DA93-FCB2-4B2C-817A-AA0BA98D5EBD}.Debug|Any CPU.Build.0 = Debug|Any CPU
		{C6A9DA93-FCB2-4B2C-817A-AA0BA98D5EBD}.Release|Any CPU.ActiveCfg = Release|Any CPU
		{C6A9DA93-FCB2-4B2C-817A-AA0BA98D5EBD}.Release|Any CPU.Build.0 = Release|Any CPU
		{F957CB05-D4E1-4315-92CF-2CF82A69ACFC}.Debug|Any CPU.ActiveCfg = Debug|Any CPU
		{F957CB05-D4E1-4315-92CF-2CF82A69ACFC}.Debug|Any CPU.Build.0 = Debug|Any CPU
		{F957CB05-D4E1-4315-92CF-2CF82A69ACFC}.Release|Any CPU.ActiveCfg = Release|Any CPU
		{F957CB05-D4E1-4315-92CF-2CF82A69ACFC}.Release|Any CPU.Build.0 = Release|Any CPU
		{FCB5E91C-4554-469A-8E8C-3FCEC5A9E44E}.Debug|Any CPU.ActiveCfg = Debug|Any CPU
		{FCB5E91C-4554-469A-8E8C-3FCEC5A9E44E}.Debug|Any CPU.Build.0 = Debug|Any CPU
		{FCB5E91C-4554-469A-8E8C-3FCEC5A9E44E}.Release|Any CPU.ActiveCfg = Release|Any CPU
		{FCB5E91C-4554-469A-8E8C-3FCEC5A9E44E}.Release|Any CPU.Build.0 = Release|Any CPU
		{EB86DBC7-773E-45D4-8A6A-20351B314682}.Debug|Any CPU.ActiveCfg = Debug|Any CPU
		{EB86DBC7-773E-45D4-8A6A-20351B314682}.Debug|Any CPU.Build.0 = Debug|Any CPU
		{EB86DBC7-773E-45D4-8A6A-20351B314682}.Release|Any CPU.ActiveCfg = Release|Any CPU
		{EB86DBC7-773E-45D4-8A6A-20351B314682}.Release|Any CPU.Build.0 = Release|Any CPU
		{C75E2CC8-26EB-42FF-A411-D31BEF868DDE}.Debug|Any CPU.ActiveCfg = Debug|Any CPU
		{C75E2CC8-26EB-42FF-A411-D31BEF868DDE}.Debug|Any CPU.Build.0 = Debug|Any CPU
		{C75E2CC8-26EB-42FF-A411-D31BEF868DDE}.Release|Any CPU.ActiveCfg = Release|Any CPU
		{C75E2CC8-26EB-42FF-A411-D31BEF868DDE}.Release|Any CPU.Build.0 = Release|Any CPU
		{B4C0B53F-1DA9-482D-8AD2-5E4DAED96732}.Debug|Any CPU.ActiveCfg = Debug|Any CPU
		{B4C0B53F-1DA9-482D-8AD2-5E4DAED96732}.Debug|Any CPU.Build.0 = Debug|Any CPU
		{B4C0B53F-1DA9-482D-8AD2-5E4DAED96732}.Release|Any CPU.ActiveCfg = Release|Any CPU
		{B4C0B53F-1DA9-482D-8AD2-5E4DAED96732}.Release|Any CPU.Build.0 = Release|Any CPU
	EndGlobalSection
	GlobalSection(SolutionProperties) = preSolution
		HideSolutionNode = FALSE
	EndGlobalSection
	GlobalSection(NestedProjects) = preSolution
		{32E75AD7-F506-4575-9A7D-42254AC0590A} = {3F361A5D-2581-435F-868A-1C6215F38F6F}
		{1445CEA7-E32F-40F9-812E-FD42D09563B9} = {3F361A5D-2581-435F-868A-1C6215F38F6F}
		{071B735E-03A6-4DED-A5F9-5C30DFEF4361} = {3F361A5D-2581-435F-868A-1C6215F38F6F}
		{BFBDF88E-929D-4ADB-AAE8-F9220AAA29E9} = {3F361A5D-2581-435F-868A-1C6215F38F6F}
		{A15CAD58-0929-422D-82CE-9EBA3FBDD236} = {3F361A5D-2581-435F-868A-1C6215F38F6F}
		{7CD40DDE-4DD7-4850-969C-1BB35866065D} = {A15CAD58-0929-422D-82CE-9EBA3FBDD236}
		{388B84B7-1179-4D73-A603-E884E30346CF} = {A15CAD58-0929-422D-82CE-9EBA3FBDD236}
		{C6A9DA93-FCB2-4B2C-817A-AA0BA98D5EBD} = {A15CAD58-0929-422D-82CE-9EBA3FBDD236}
		{F957CB05-D4E1-4315-92CF-2CF82A69ACFC} = {A15CAD58-0929-422D-82CE-9EBA3FBDD236}
		{FCB5E91C-4554-469A-8E8C-3FCEC5A9E44E} = {A15CAD58-0929-422D-82CE-9EBA3FBDD236}
		{EB86DBC7-773E-45D4-8A6A-20351B314682} = {A15CAD58-0929-422D-82CE-9EBA3FBDD236}
		{C75E2CC8-26EB-42FF-A411-D31BEF868DDE} = {A15CAD58-0929-422D-82CE-9EBA3FBDD236}
		{6DBE177F-9A0D-4B1A-86FA-C99D1C3218F3} = {3F361A5D-2581-435F-868A-1C6215F38F6F}
		{81207BE1-8C14-4CC4-8311-7B49268E9B33} = {6DBE177F-9A0D-4B1A-86FA-C99D1C3218F3}
		{B4C0B53F-1DA9-482D-8AD2-5E4DAED96732} = {A15CAD58-0929-422D-82CE-9EBA3FBDD236}
	EndGlobalSection
	GlobalSection(ExtensibilityGlobals) = postSolution
		SolutionGuid = {F932CEFE-89C6-4BDF-AA9A-254020BA2148}
	EndGlobalSection
EndGlobal
